# EKA2L1 upstream 11f5b6cd141c0884a130ee45743f1f5e17bb1783
# path<TAB>sha<TAB>url
src/emu/drivers/resources/upscale	49dd304cb97e7c0871256f2bafba7b6fd41511cb	https://github.com/EKA2L1/upscale-shaders
src/external/Catch2	216713a4066b79d9803d374f261ccb30c0fb451f	https://github.com/catchorg/Catch2/
src/external/RectangleBinPack	83e7e1132d93777e3732dfaae26b0f3703be2036	https://github.com/juj/RectangleBinPack
src/external/SDL_GameControllerDB	a113e7fa25cc13ca6131b20a23568dc42c8a7dab	https://github.com/gabomdq/SDL_GameControllerDB
src/external/TinySoundFont	e86d986ed6ccb93b4ee41d2de656c49c721b18db	https://github.com/schellingb/TinySoundFont
src/external/capstone	52c66920fc7bfa15fd9626dfd9f646c698aaa99b	https://github.com/capstone-engine/capstone
src/external/cubeb	d512bfa07a327e0ae7e7aef892dcce01cbeaa67c	https://github.com/kinetiknz/cubeb
src/external/discord-rpc	963aa9f3e5ce81a4682c6ca3d136cddda614db33	https://github.com/discord/discord-rpc
src/external/dynarmic	2375a96d2848401986ff65c3e5c37aeca80253f5	https://github.com/EKA2L1/dynarmic
src/external/ext-boost	717900f94b5e9acbc69377cdeee9d7f952ff725c	https://github.com/yuzu-mirror/ext-boost
src/external/ffmpeg	a6e15238fb8553338d58b12c2aa1c2fc293d2fa5	https://github.com/eka2l1/ffmpeg
src/external/fmt	40626af88bd7df9a5fb80be7b25ac85b122d6c21	https://github.com/fmtlib/fmt
src/external/freetype	f42ce25563b73fed0123d18a2556b9ba01d2c76b	https://github.com/freetype/freetype
src/external/glfw	e65de2941c056ee5833b4dab3db36b297b53aa14	https://github.com/glfw/glfw
src/external/glm	8d1fd52e5ab5590e2c81768ace50c72bae28f2ed	https://github.com/g-truc/glm
src/external/libarchive	27cbc7827172698143e440801fc0ba39ccb4f1f5	https://github.com/libarchive/libarchive
src/external/libcxxabi	ce3db128f9e4d6d19d1cdbe39bb45fcc64a5adb0	https://github.com/llvm-mirror/libcxxabi
src/external/libfat	ea55c7a718780057e7fe0224d7423c4279fd3df7	https://github.com/Vita3K/libfat16/
src/external/libtess2	fc52516467dfa124bdd967c15c7cf9faf02a34ca	https://github.com/memononen/libtess2
src/external/libuv	d4eb276eea7cb19a888fe97d7759d97c7092ad02	https://github.com/libuv/libuv
src/external/luajit	0d313b243194a0b8d2399d8b549ca5a0ff234db5	https://github.com/luajit/luajit
src/external/luajit-android-src	bfcb74ed36d733bae249fe7642b7324a56be88d0	https://github.com/luajit/luajit
src/external/luajit-cmake	7c794d89df3c6421eb7e62c5e365660559d0e8f6	https://github.com/zhaozg/luajit-cmake
src/external/lunasvg	51c65dc8b77986513c2483c9b0b942b38e6bf197	https://github.com/EKA2L1/lunasvg
src/external/mbedtls	068ff080b369adfac81509f9b57b2afabaf82dc5	https://github.com/ARMmbed/mbedtls
src/external/microprofile	b910f4df7f670affec65c1a4dacbf6018c9e0f1b	https://github.com/jonasmr/microprofile/
src/external/miniBAE	4a63a5d1a5ba50b71445b6a4b1efdd139872541b	https://github.com/EKA2L1/miniBAE/
src/external/miniupnp	fa42d8f9316bf9c1ca14317e5a6e0d4a21365629	https://github.com/miniupnp/miniupnp
src/external/pugixml	5e64076af9691ce8100aedf7a61cb338f2596151	https://github.com/zeux/pugixml
src/external/rapidjson	24b5e7a8b27f42fa16b96fc70aade9106cf7102f	https://github.com/Tencent/rapidjson
src/external/re2	11073deb73b3d01018308863c0bcdfd0d51d3e70	https://github.com/google/re2
src/external/sdl2-cmake-scripts	e037fb54f32973343fada6a051d3a3f8adf3a4a0	https://github.com/tcbrindle/sdl2-cmake-scripts
src/external/spdlog	79524ddd08a4ec981b7fea76afd08ee05f83755d	https://github.com/gabime/spdlog
src/external/stb	f54acd4e13430c5122cab4ca657705c84aa61b08	https://github.com/nothings/stb
src/external/thread-pool	6790920f61ab3e928ddaea835ab6a803d467f41d	https://github.com/bshoshany/thread-pool
src/external/uvw	cf0f8c6fd4084900646b7c83b4682a12be76f10e	https://github.com/skypjack/uvw/
src/external/xxHash	ea9c098e93d07febe20bcf376e0f83f4acbe670f	https://github.com/Cyan4973/xxHash
src/external/xz	4b73f2ec19a99ef465282fbce633e8deb33691b3	https://github.com/tukaani-project/xz
src/external/yaml-cpp	99222fc938ed9841098782928723d6bdeaa2a0b2	https://github.com/jbeder/yaml-cpp
src/external/zlib	51b7f2abdade71cd9bb0e7a373ef2610ec6f9daf	https://github.com/madler/zlib
